
Microsoft Visual Studio Solution File, Format Version 12.00
# Visual Studio Version 17
VisualStudioVersion = 17.14.36518.9 d17.14
MinimumVisualStudioVersion = 10.0.40219.1
Project("{FAE04EC0-301F-11D3-BF4B-00C04F79EFBC}") = "Lap3_TH2", "Lap3_TH2\Lap3_TH2.csproj", "{5E99B1BE-9346-4893-ABE7-CB1C48A11A9D}"
EndProject
Global
	GlobalSection(SolutionConfigurationPlatforms) = preSolution
		Debug|Any CPU = Debug|Any CPU
		Release|Any CPU = Release|Any CPU
	EndGlobalSection
	GlobalSection(ProjectConfigurationPlatforms) = postSolution
		{5E99B1BE-9346-4893-ABE7-CB1C48A11A9D}.Debug|Any CPU.ActiveCfg = Debug|Any CPU
		{5E99B1BE-9346-4893-ABE7-CB1C48A11A9D}.Debug|Any CPU.Build.0 = Debug|Any CPU
		{5E99B1BE-9346-4893-ABE7-CB1C48A11A9D}.Release|Any CPU.ActiveCfg = Release|Any CPU
		{5E99B1BE-9346-4893-ABE7-CB1C48A11A9D}.Release|Any CPU.Build.0 = Release|Any CPU
	EndGlobalSection
	GlobalSection(SolutionProperties) = preSolution
		HideSolutionNode = FALSE
	EndGlobalSection
	GlobalSection(ExtensibilityGlobals) = postSolution
		SolutionGuid = {583FDFE9-27AA-483C-A972-4AA61DE5C6E1}
	EndGlobalSection
EndGlobal
