
Microsoft Visual Studio Solution File, Format Version 12.00
# Visual Studio Version 17
VisualStudioVersion = 17.14.36518.9 d17.14
MinimumVisualStudioVersion = 10.0.40219.1
Project("{FAE04EC0-301F-11D3-BF4B-00C04F79EFBC}") = "WindowsFormsApp2", "WindowsFormsApp2\WindowsFormsApp2.csproj", "{9A70F38F-8F67-40AB-95E9-97E68F298E60}"
EndProject
Global
	GlobalSection(SolutionConfigurationPlatforms) = preSolution
		Debug|Any CPU = Debug|Any CPU
		Release|Any CPU = Release|Any CPU
	EndGlobalSection
	GlobalSection(ProjectConfigurationPlatforms) = postSolution
		{9A70F38F-8F67-40AB-95E9-97E68F298E60}.Debug|Any CPU.ActiveCfg = Debug|Any CPU
		{9A70F38F-8F67-40AB-95E9-97E68F298E60}.Debug|Any CPU.Build.0 = Debug|Any CPU
		{9A70F38F-8F67-40AB-95E9-97E68F298E60}.Release|Any CPU.ActiveCfg = Release|Any CPU
		{9A70F38F-8F67-40AB-95E9-97E68F298E60}.Release|Any CPU.Build.0 = Release|Any CPU
	EndGlobalSection
	GlobalSection(SolutionProperties) = preSolution
		HideSolutionNode = FALSE
	EndGlobalSection
	GlobalSection(ExtensibilityGlobals) = postSolution
		SolutionGuid = {C452D0C8-48F1-48A0-AAFD-F11DD986B22F}
	EndGlobalSection
EndGlobal
